
Microsoft Visual Studio Solution File, Format Version 12.00
# Visual Studio Version 17
VisualStudioVersion = 17.9.34607.119
MinimumVisualStudioVersion = 10.0.40219.1
Project("{FAE04EC0-301F-11D3-BF4B-00C04F79EFBC}") = "CalcularNomina", "CalcularNomina\CalcularNomina.csproj", "{FCF4BFC2-BFDA-4C2D-BA75-A649DC81B020}"
EndProject
Global
	GlobalSection(SolutionConfigurationPlatforms) = preSolution
		Debug|Any CPU = Debug|Any CPU
		Release|Any CPU = Release|Any CPU
	EndGlobalSection
	GlobalSection(ProjectConfigurationPlatforms) = postSolution
		{FCF4BFC2-BFDA-4C2D-BA75-A649DC81B020}.Debug|Any CPU.ActiveCfg = Debug|Any CPU
		{FCF4BFC2-BFDA-4C2D-BA75-A649DC81B020}.Debug|Any CPU.Build.0 = Debug|Any CPU
		{FCF4BFC2-BFDA-4C2D-BA75-A649DC81B020}.Release|Any CPU.ActiveCfg = Release|Any CPU
		{FCF4BFC2-BFDA-4C2D-BA75-A649DC81B020}.Release|Any CPU.Build.0 = Release|Any CPU
	EndGlobalSection
	GlobalSection(SolutionProperties) = preSolution
		HideSolutionNode = FALSE
	EndGlobalSection
	GlobalSection(ExtensibilityGlobals) = postSolution
		SolutionGuid = {63CBA5EC-BE5B-4DBB-8768-F3B8F5E0DED6}
	EndGlobalSection
EndGlobal
